
Microsoft Visual Studio Solution File, Format Version 12.00
# Visual Studio Version 17
VisualStudioVersion = 17.5.33516.290
MinimumVisualStudioVersion = 10.0.40219.1
Project("{FAE04EC0-301F-11D3-BF4B-00C04F79EFBC}") = "Interview.WebHost", "Interview.WebHost\Interview.WebHost.csproj", "{62BB3271-AEF7-48CF-BEFD-3ADDF9A44509}"
EndProject
Project("{FAE04EC0-301F-11D3-BF4B-00C04F79EFBC}") = "Interview.AppService", "Interview.AppService\Interview.AppService.csproj", "{35062894-F313-4A02-9AD6-0BA0949EED54}"
EndProject
Project("{FAE04EC0-301F-11D3-BF4B-00C04F79EFBC}") = "Interview.AppService.Abstractions", "Interview.AppService.Abstractions\Interview.AppService.Abstractions.csproj", "{FAF65DC2-9F7D-4259-A49C-5052445660ED}"
EndProject
Project("{FAE04EC0-301F-11D3-BF4B-00C04F79EFBC}") = "Interview.Domain", "Interview.Domain\Interview.Domain.csproj", "{A11A6F18-B19D-4CC6-A21B-D554FAAC1459}"
EndProject
Global
	GlobalSection(SolutionConfigurationPlatforms) = preSolution
		Debug|Any CPU = Debug|Any CPU
		Release|Any CPU = Release|Any CPU
	EndGlobalSection
	GlobalSection(ProjectConfigurationPlatforms) = postSolution
		{62BB3271-AEF7-48CF-BEFD-3ADDF9A44509}.Debug|Any CPU.ActiveCfg = Debug|Any CPU
		{62BB3271-AEF7-48CF-BEFD-3ADDF9A44509}.Debug|Any CPU.Build.0 = Debug|Any CPU
		{62BB3271-AEF7-48CF-BEFD-3ADDF9A44509}.Release|Any CPU.ActiveCfg = Release|Any CPU
		{62BB3271-AEF7-48CF-BEFD-3ADDF9A44509}.Release|Any CPU.Build.0 = Release|Any CPU
		{35062894-F313-4A02-9AD6-0BA0949EED54}.Debug|Any CPU.ActiveCfg = Debug|Any CPU
		{35062894-F313-4A02-9AD6-0BA0949EED54}.Debug|Any CPU.Build.0 = Debug|Any CPU
		{35062894-F313-4A02-9AD6-0BA0949EED54}.Release|Any CPU.ActiveCfg = Release|Any CPU
		{35062894-F313-4A02-9AD6-0BA0949EED54}.Release|Any CPU.Build.0 = Release|Any CPU
		{FAF65DC2-9F7D-4259-A49C-5052445660ED}.Debug|Any CPU.ActiveCfg = Debug|Any CPU
		{FAF65DC2-9F7D-4259-A49C-5052445660ED}.Debug|Any CPU.Build.0 = Debug|Any CPU
		{FAF65DC2-9F7D-4259-A49C-5052445660ED}.Release|Any CPU.ActiveCfg = Release|Any CPU
		{FAF65DC2-9F7D-4259-A49C-5052445660ED}.Release|Any CPU.Build.0 = Release|Any CPU
		{A11A6F18-B19D-4CC6-A21B-D554FAAC1459}.Debug|Any CPU.ActiveCfg = Debug|Any CPU
		{A11A6F18-B19D-4CC6-A21B-D554FAAC1459}.Debug|Any CPU.Build.0 = Debug|Any CPU
		{A11A6F18-B19D-4CC6-A21B-D554FAAC1459}.Release|Any CPU.ActiveCfg = Release|Any CPU
		{A11A6F18-B19D-4CC6-A21B-D554FAAC1459}.Release|Any CPU.Build.0 = Release|Any CPU
	EndGlobalSection
	GlobalSection(SolutionProperties) = preSolution
		HideSolutionNode = FALSE
	EndGlobalSection
	GlobalSection(ExtensibilityGlobals) = postSolution
		SolutionGuid = {03E0F4A0-3E1F-442F-8968-0F71FBB4B513}
	EndGlobalSection
EndGlobal
